
Microsoft Visual Studio Solution File, Format Version 12.00
# Visual Studio Version 17
VisualStudioVersion = 17.4.33213.308
MinimumVisualStudioVersion = 10.0.40219.1
Project("{9A19103F-16F7-4668-BE54-9A1E7A4F7556}") = "ServicePlusAPIs", "ServicePlusAPIs.csproj", "{815CB4A5-50F3-4508-9E89-446FBC92A1B0}"
EndProject
Project("{9A19103F-16F7-4668-BE54-9A1E7A4F7556}") = "ServicePlusDashBoard", "..\ServicePlusDashBoard\ServicePlusDashBoard.csproj", "{236A16EE-12DD-4D9B-A792-2AEC3B2281C8}"
EndProject
Global
	GlobalSection(SolutionConfigurationPlatforms) = preSolution
		Debug|Any CPU = Debug|Any CPU
		Release|Any CPU = Release|Any CPU
	EndGlobalSection
	GlobalSection(ProjectConfigurationPlatforms) = postSolution
		{815CB4A5-50F3-4508-9E89-446FBC92A1B0}.Debug|Any CPU.ActiveCfg = Debug|Any CPU
		{815CB4A5-50F3-4508-9E89-446FBC92A1B0}.Debug|Any CPU.Build.0 = Debug|Any CPU
		{815CB4A5-50F3-4508-9E89-446FBC92A1B0}.Release|Any CPU.ActiveCfg = Debug|Any CPU
		{815CB4A5-50F3-4508-9E89-446FBC92A1B0}.Release|Any CPU.Build.0 = Debug|Any CPU
		{236A16EE-12DD-4D9B-A792-2AEC3B2281C8}.Debug|Any CPU.ActiveCfg = Debug|Any CPU
		{236A16EE-12DD-4D9B-A792-2AEC3B2281C8}.Debug|Any CPU.Build.0 = Debug|Any CPU
		{236A16EE-12DD-4D9B-A792-2AEC3B2281C8}.Release|Any CPU.ActiveCfg = Release|Any CPU
		{236A16EE-12DD-4D9B-A792-2AEC3B2281C8}.Release|Any CPU.Build.0 = Release|Any CPU
	EndGlobalSection
	GlobalSection(SolutionProperties) = preSolution
		HideSolutionNode = FALSE
	EndGlobalSection
	GlobalSection(ExtensibilityGlobals) = postSolution
		SolutionGuid = {108D81C5-4672-4425-8A2C-C2A67C4BF1B5}
	EndGlobalSection
EndGlobal
